// !$*UTF8*$!
{
	archiveVersion = 1;
	classes = {
	};
	objectVersion = 55;
	objects = {

/* Begin PBXBuildFile section */
		011E9B0ADD498CB3A93996D2 /* Pods_ShowsApp.framework in Frameworks */ = {isa = PBXBuildFile; fileRef = 827CF08F3C04356F51F4E21D /* Pods_ShowsApp.framework */; };
		68727E9A2777413900A7B5A9 /* NetworkConstants.swift in Sources */ = {isa = PBXBuildFile; fileRef = 68727E992777413900A7B5A9 /* NetworkConstants.swift */; };
		68727E9C27774BF700A7B5A9 /* UICollectionView+Extension.swift in Sources */ = {isa = PBXBuildFile; fileRef = 68727E9B27774BF700A7B5A9 /* UICollectionView+Extension.swift */; };
		688326882775EAE200055288 /* AppDelegate.swift in Sources */ = {isa = PBXBuildFile; fileRef = 688326872775EAE200055288 /* AppDelegate.swift */; };
		6883268A2775EAE200055288 /* SceneDelegate.swift in Sources */ = {isa = PBXBuildFile; fileRef = 688326892775EAE200055288 /* SceneDelegate.swift */; };
		6883268C2775EAE200055288 /* HomeViewController.swift in Sources */ = {isa = PBXBuildFile; fileRef = 6883268B2775EAE200055288 /* HomeViewController.swift */; };
		6883268F2775EAE200055288 /* Main.storyboard in Resources */ = {isa = PBXBuildFile; fileRef = 6883268D2775EAE200055288 /* Main.storyboard */; };
		688326912775EAE500055288 /* Assets.xcassets in Resources */ = {isa = PBXBuildFile; fileRef = 688326902775EAE500055288 /* Assets.xcassets */; };
		688326942775EAE500055288 /* LaunchScreen.storyboard in Resources */ = {isa = PBXBuildFile; fileRef = 688326922775EAE500055288 /* LaunchScreen.storyboard */; };
		688326A22775EBFE00055288 /* ShowsPresenter.swift in Sources */ = {isa = PBXBuildFile; fileRef = 688326A12775EBFE00055288 /* ShowsPresenter.swift */; };
		688326A42775EC1F00055288 /* Show.swift in Sources */ = {isa = PBXBuildFile; fileRef = 688326A32775EC1F00055288 /* Show.swift */; };
		688326A62775EC4600055288 /* NetworkingManager.swift in Sources */ = {isa = PBXBuildFile; fileRef = 688326A52775EC4600055288 /* NetworkingManager.swift */; };
		688326A92775ED2200055288 /* ShowsListViewController.swift in Sources */ = {isa = PBXBuildFile; fileRef = 688326A82775ED2200055288 /* ShowsListViewController.swift */; };
		688326AB2775ED3000055288 /* ShowDetailsViewController.swift in Sources */ = {isa = PBXBuildFile; fileRef = 688326AA2775ED3000055288 /* ShowDetailsViewController.swift */; };
		688326AD2775ED5200055288 /* ShowCollectionViewCell.swift in Sources */ = {isa = PBXBuildFile; fileRef = 688326AC2775ED5200055288 /* ShowCollectionViewCell.swift */; };
		688326AF2775ED7400055288 /* ShowCollectionViewCell.xib in Resources */ = {isa = PBXBuildFile; fileRef = 688326AE2775ED7400055288 /* ShowCollectionViewCell.xib */; };
		688326B72775FA2A00055288 /* Urbanist-VariableFont_wght.ttf in Resources */ = {isa = PBXBuildFile; fileRef = 688326B62775FA2900055288 /* Urbanist-VariableFont_wght.ttf */; };
		688326BA2776027400055288 /* watchMovie.json in Resources */ = {isa = PBXBuildFile; fileRef = 688326B92776027400055288 /* watchMovie.json */; };
		688326BD2776093400055288 /* UITextField+Extension.swift in Sources */ = {isa = PBXBuildFile; fileRef = 688326BC2776093400055288 /* UITextField+Extension.swift */; };
		688326C02776166100055288 /* GradientView.swift in Sources */ = {isa = PBXBuildFile; fileRef = 688326BF2776166100055288 /* GradientView.swift */; };
		688326C22776246A00055288 /* UIViewController+Extension.swift in Sources */ = {isa = PBXBuildFile; fileRef = 688326C12776246A00055288 /* UIViewController+Extension.swift */; };
		688326C427765B6500055288 /* ShowPosterTableViewCell.xib in Resources */ = {isa = PBXBuildFile; fileRef = 688326C327765B6500055288 /* ShowPosterTableViewCell.xib */; };
		688326C627765B7D00055288 /* ShowPosterTableViewCell.swift in Sources */ = {isa = PBXBuildFile; fileRef = 688326C527765B7D00055288 /* ShowPosterTableViewCell.swift */; };
		688326C827765B8D00055288 /* ShowInformationTableViewCell.swift in Sources */ = {isa = PBXBuildFile; fileRef = 688326C727765B8D00055288 /* ShowInformationTableViewCell.swift */; };
		688326CA27765B9900055288 /* ShowInformationTableViewCell.xib in Resources */ = {isa = PBXBuildFile; fileRef = 688326C927765B9900055288 /* ShowInformationTableViewCell.xib */; };
/* End PBXBuildFile section */

/* Begin PBXFileReference section */
		62E25C6430953A980D225EEE /* Pods-ShowsApp.release.xcconfig */ = {isa = PBXFileReference; includeInIndex = 1; lastKnownFileType = text.xcconfig; name = "Pods-ShowsApp.release.xcconfig"; path = "Target Support Files/Pods-ShowsApp/Pods-ShowsApp.release.xcconfig"; sourceTree = "<group>"; };
		68727E992777413900A7B5A9 /* NetworkConstants.swift */ = {isa = PBXFileReference; lastKnownFileType = sourcecode.swift; path = NetworkConstants.swift; sourceTree = "<group>"; };
		68727E9B27774BF700A7B5A9 /* UICollectionView+Extension.swift */ = {isa = PBXFileReference; lastKnownFileType = sourcecode.swift; path = "UICollectionView+Extension.swift"; sourceTree = "<group>"; };
		688326842775EAE200055288 /* ShowsApp.app */ = {isa = PBXFileReference; explicitFileType = wrapper.application; includeInIndex = 0; path = ShowsApp.app; sourceTree = BUILT_PRODUCTS_DIR; };
		688326872775EAE200055288 /* AppDelegate.swift */ = {isa = PBXFileReference; lastKnownFileType = sourcecode.swift; path = AppDelegate.swift; sourceTree = "<group>"; };
		688326892775EAE200055288 /* SceneDelegate.swift */ = {isa = PBXFileReference; lastKnownFileType = sourcecode.swift; path = SceneDelegate.swift; sourceTree = "<group>"; };
		6883268B2775EAE200055288 /* HomeViewController.swift */ = {isa = PBXFileReference; lastKnownFileType = sourcecode.swift; path = HomeViewController.swift; sourceTree = "<group>"; };
		6883268E2775EAE200055288 /* Base */ = {isa = PBXFileReference; lastKnownFileType = file.storyboard; name = Base; path = Base.lproj/Main.storyboard; sourceTree = "<group>"; };
		688326902775EAE500055288 /* Assets.xcassets */ = {isa = PBXFileReference; lastKnownFileType = folder.assetcatalog; path = Assets.xcassets; sourceTree = "<group>"; };
		688326932775EAE500055288 /* Base */ = {isa = PBXFileReference; lastKnownFileType = file.storyboard; name = Base; path = Base.lproj/LaunchScreen.storyboard; sourceTree = "<group>"; };
		688326952775EAE500055288 /* Info.plist */ = {isa = PBXFileReference; lastKnownFileType = text.plist.xml; path = Info.plist; sourceTree = "<group>"; };
		688326A12775EBFE00055288 /* ShowsPresenter.swift */ = {isa = PBXFileReference; lastKnownFileType = sourcecode.swift; path = ShowsPresenter.swift; sourceTree = "<group>"; };
		688326A32775EC1F00055288 /* Show.swift */ = {isa = PBXFileReference; lastKnownFileType = sourcecode.swift; path = Show.swift; sourceTree = "<group>"; };
		688326A52775EC4600055288 /* NetworkingManager.swift */ = {isa = PBXFileReference; lastKnownFileType = sourcecode.swift; path = NetworkingManager.swift; sourceTree = "<group>"; };
		688326A82775ED2200055288 /* ShowsListViewController.swift */ = {isa = PBXFileReference; lastKnownFileType = sourcecode.swift; path = ShowsListViewController.swift; sourceTree = "<group>"; };
		688326AA2775ED3000055288 /* ShowDetailsViewController.swift */ = {isa = PBXFileReference; lastKnownFileType = sourcecode.swift; path = ShowDetailsViewController.swift; sourceTree = "<group>"; };
		688326AC2775ED5200055288 /* ShowCollectionViewCell.swift */ = {isa = PBXFileReference; lastKnownFileType = sourcecode.swift; path = ShowCollectionViewCell.swift; sourceTree = "<group>"; };
		688326AE2775ED7400055288 /* ShowCollectionViewCell.xib */ = {isa = PBXFileReference; lastKnownFileType = file.xib; path = ShowCollectionViewCell.xib; sourceTree = "<group>"; };
		688326B62775FA2900055288 /* Urbanist-VariableFont_wght.ttf */ = {isa = PBXFileReference; lastKnownFileType = file; path = "Urbanist-VariableFont_wght.ttf"; sourceTree = "<group>"; };
		688326B92776027400055288 /* watchMovie.json */ = {isa = PBXFileReference; fileEncoding = 4; lastKnownFileType = text.json; path = watchMovie.json; sourceTree = "<group>"; };
		688326BC2776093400055288 /* UITextField+Extension.swift */ = {isa = PBXFileReference; lastKnownFileType = sourcecode.swift; path = "UITextField+Extension.swift"; sourceTree = "<group>"; };
		688326BF2776166100055288 /* GradientView.swift */ = {isa = PBXFileReference; lastKnownFileType = sourcecode.swift; path = GradientView.swift; sourceTree = "<group>"; };
		688326C12776246A00055288 /* UIViewController+Extension.swift */ = {isa = PBXFileReference; lastKnownFileType = sourcecode.swift; path = "UIViewController+Extension.swift"; sourceTree = "<group>"; };
		688326C327765B6500055288 /* ShowPosterTableViewCell.xib */ = {isa = PBXFileReference; lastKnownFileType = file.xib; path = ShowPosterTableViewCell.xib; sourceTree = "<group>"; };
		688326C527765B7D00055288 /* ShowPosterTableViewCell.swift */ = {isa = PBXFileReference; lastKnownFileType = sourcecode.swift; path = ShowPosterTableViewCell.swift; sourceTree = "<group>"; };
		688326C727765B8D00055288 /* ShowInformationTableViewCell.swift */ = {isa = PBXFileReference; lastKnownFileType = sourcecode.swift; path = ShowInformationTableViewCell.swift; sourceTree = "<group>"; };
		688326C927765B9900055288 /* ShowInformationTableViewCell.xib */ = {isa = PBXFileReference; lastKnownFileType = file.xib; path = ShowInformationTableViewCell.xib; sourceTree = "<group>"; };
		827CF08F3C04356F51F4E21D /* Pods_ShowsApp.framework */ = {isa = PBXFileReference; explicitFileType = wrapper.framework; includeInIndex = 0; path = Pods_ShowsApp.framework; sourceTree = BUILT_PRODUCTS_DIR; };
		C77F8C255D6897A5078C0A69 /* Pods-ShowsApp.debug.xcconfig */ = {isa = PBXFileReference; includeInIndex = 1; lastKnownFileType = text.xcconfig; name = "Pods-ShowsApp.debug.xcconfig"; path = "Target Support Files/Pods-ShowsApp/Pods-ShowsApp.debug.xcconfig"; sourceTree = "<group>"; };
/* End PBXFileReference section */

/* Begin PBXFrameworksBuildPhase section */
		688326812775EAE200055288 /* Frameworks */ = {
			isa = PBXFrameworksBuildPhase;
			buildActionMask = 2147483647;
			files = (
				011E9B0ADD498CB3A93996D2 /* Pods_ShowsApp.framework in Frameworks */,
			);
			runOnlyForDeploymentPostprocessing = 0;
		};
/* End PBXFrameworksBuildPhase section */

/* Begin PBXGroup section */
		6883267B2775EAE200055288 = {
			isa = PBXGroup;
			children = (
				688326862775EAE200055288 /* ShowsApp */,
				688326852775EAE200055288 /* Products */,
				D59FEA0F0F9DAB4E16BFE69D /* Pods */,
				7CD8974AD83DD7D8B1304182 /* Frameworks */,
			);
			sourceTree = "<group>";
		};
		688326852775EAE200055288 /* Products */ = {
			isa = PBXGroup;
			children = (
				688326842775EAE200055288 /* ShowsApp.app */,
			);
			name = Products;
			sourceTree = "<group>";
		};
		688326862775EAE200055288 /* ShowsApp */ = {
			isa = PBXGroup;
			children = (
				688326872775EAE200055288 /* AppDelegate.swift */,
				688326892775EAE200055288 /* SceneDelegate.swift */,
				688326952775EAE500055288 /* Info.plist */,
				6883269C2775EB6100055288 /* Networking */,
				6883269B2775EB1A00055288 /* Models */,
				6883269D2775EB7000055288 /* Presenters */,
				688326A02775EBAF00055288 /* Controllers */,
				6883269E2775EB8400055288 /* Views */,
				688326B42775F8EC00055288 /* Resources */,
			);
			path = ShowsApp;
			sourceTree = "<group>";
		};
		6883269B2775EB1A00055288 /* Models */ = {
			isa = PBXGroup;
			children = (
				688326A32775EC1F00055288 /* Show.swift */,
			);
			path = Models;
			sourceTree = "<group>";
		};
		6883269C2775EB6100055288 /* Networking */ = {
			isa = PBXGroup;
			children = (
				688326A52775EC4600055288 /* NetworkingManager.swift */,
				68727E992777413900A7B5A9 /* NetworkConstants.swift */,
			);
			path = Networking;
			sourceTree = "<group>";
		};
		6883269D2775EB7000055288 /* Presenters */ = {
			isa = PBXGroup;
			children = (
				688326A12775EBFE00055288 /* ShowsPresenter.swift */,
			);
			path = Presenters;
			sourceTree = "<group>";
		};
		6883269E2775EB8400055288 /* Views */ = {
			isa = PBXGroup;
			children = (
				688326BE2776165500055288 /* CustomViews */,
				688326BB2776091C00055288 /* Extensions */,
				688326A72775EC4E00055288 /* Cells */,
				6883269F2775EBA000055288 /* Storyboards */,
			);
			path = Views;
			sourceTree = "<group>";
		};
		6883269F2775EBA000055288 /* Storyboards */ = {
			isa = PBXGroup;
			children = (
				6883268D2775EAE200055288 /* Main.storyboard */,
				688326922775EAE500055288 /* LaunchScreen.storyboard */,
			);
			path = Storyboards;
			sourceTree = "<group>";
		};
		688326A02775EBAF00055288 /* Controllers */ = {
			isa = PBXGroup;
			children = (
				6883268B2775EAE200055288 /* HomeViewController.swift */,
				688326A82775ED2200055288 /* ShowsListViewController.swift */,
				688326AA2775ED3000055288 /* ShowDetailsViewController.swift */,
			);
			path = Controllers;
			sourceTree = "<group>";
		};
		688326A72775EC4E00055288 /* Cells */ = {
			isa = PBXGroup;
			children = (
				688326B02775EED000055288 /* ShowsList */,
				688326B12775EEE100055288 /* ShowDetails */,
			);
			path = Cells;
			sourceTree = "<group>";
		};
		688326B02775EED000055288 /* ShowsList */ = {
			isa = PBXGroup;
			children = (
				688326AC2775ED5200055288 /* ShowCollectionViewCell.swift */,
				688326AE2775ED7400055288 /* ShowCollectionViewCell.xib */,
			);
			path = ShowsList;
			sourceTree = "<group>";
		};
		688326B12775EEE100055288 /* ShowDetails */ = {
			isa = PBXGroup;
			children = (
				688326B22775EEF900055288 /* ShowPosterCell */,
				688326B32775EF0B00055288 /* ShowInformationCell */,
			);
			path = ShowDetails;
			sourceTree = "<group>";
		};
		688326B22775EEF900055288 /* ShowPosterCell */ = {
			isa = PBXGroup;
			children = (
				688326C327765B6500055288 /* ShowPosterTableViewCell.xib */,
				688326C527765B7D00055288 /* ShowPosterTableViewCell.swift */,
			);
			path = ShowPosterCell;
			sourceTree = "<group>";
		};
		688326B32775EF0B00055288 /* ShowInformationCell */ = {
			isa = PBXGroup;
			children = (
				688326C927765B9900055288 /* ShowInformationTableViewCell.xib */,
				688326C727765B8D00055288 /* ShowInformationTableViewCell.swift */,
			);
			path = ShowInformationCell;
			sourceTree = "<group>";
		};
		688326B42775F8EC00055288 /* Resources */ = {
			isa = PBXGroup;
			children = (
				688326B82776021700055288 /* LottieFiles */,
				688326B52775F8FC00055288 /* Fonts */,
				688326902775EAE500055288 /* Assets.xcassets */,
			);
			path = Resources;
			sourceTree = "<group>";
		};
		688326B52775F8FC00055288 /* Fonts */ = {
			isa = PBXGroup;
			children = (
				688326B62775FA2900055288 /* Urbanist-VariableFont_wght.ttf */,
			);
			path = Fonts;
			sourceTree = "<group>";
		};
		688326B82776021700055288 /* LottieFiles */ = {
			isa = PBXGroup;
			children = (
				688326B92776027400055288 /* watchMovie.json */,
			);
			path = LottieFiles;
			sourceTree = "<group>";
		};
		688326BB2776091C00055288 /* Extensions */ = {
			isa = PBXGroup;
			children = (
				688326BC2776093400055288 /* UITextField+Extension.swift */,
				688326C12776246A00055288 /* UIViewController+Extension.swift */,
				68727E9B27774BF700A7B5A9 /* UICollectionView+Extension.swift */,
			);
			path = Extensions;
			sourceTree = "<group>";
		};
		688326BE2776165500055288 /* CustomViews */ = {
			isa = PBXGroup;
			children = (
				688326BF2776166100055288 /* GradientView.swift */,
			);
			path = CustomViews;
			sourceTree = "<group>";
		};
		7CD8974AD83DD7D8B1304182 /* Frameworks */ = {
			isa = PBXGroup;
			children = (
				827CF08F3C04356F51F4E21D /* Pods_ShowsApp.framework */,
			);
			name = Frameworks;
			sourceTree = "<group>";
		};
		D59FEA0F0F9DAB4E16BFE69D /* Pods */ = {
			isa = PBXGroup;
			children = (
				C77F8C255D6897A5078C0A69 /* Pods-ShowsApp.debug.xcconfig */,
				62E25C6430953A980D225EEE /* Pods-ShowsApp.release.xcconfig */,
			);
			path = Pods;
			sourceTree = "<group>";
		};
/* End PBXGroup section */

/* Begin PBXNativeTarget section */
		688326832775EAE200055288 /* ShowsApp */ = {
			isa = PBXNativeTarget;
			buildConfigurationList = 688326982775EAE500055288 /* Build configuration list for PBXNativeTarget "ShowsApp" */;
			buildPhases = (
				74DA3D4397BE6CDB53B1D438 /* [CP] Check Pods Manifest.lock */,
				688326802775EAE200055288 /* Sources */,
				688326812775EAE200055288 /* Frameworks */,
				688326822775EAE200055288 /* Resources */,
				D82AA4AB97C1A13D26342F88 /* [CP] Embed Pods Frameworks */,
			);
			buildRules = (
			);
			dependencies = (
			);
			name = ShowsApp;
			productName = ShowsApp;
			productReference = 688326842775EAE200055288 /* ShowsApp.app */;
			productType = "com.apple.product-type.application";
		};
/* End PBXNativeTarget section */

/* Begin PBXProject section */
		6883267C2775EAE200055288 /* Project object */ = {
			isa = PBXProject;
			attributes = {
				BuildIndependentTargetsInParallel = 1;
				LastSwiftUpdateCheck = 1300;
				LastUpgradeCheck = 1300;
				TargetAttributes = {
					688326832775EAE200055288 = {
						CreatedOnToolsVersion = 13.0;
					};
				};
			};
			buildConfigurationList = 6883267F2775EAE200055288 /* Build configuration list for PBXProject "ShowsApp" */;
			compatibilityVersion = "Xcode 13.0";
			developmentRegion = en;
			hasScannedForEncodings = 0;
			knownRegions = (
				en,
				Base,
			);
			mainGroup = 6883267B2775EAE200055288;
			productRefGroup = 688326852775EAE200055288 /* Products */;
			projectDirPath = "";
			projectRoot = "";
			targets = (
				688326832775EAE200055288 /* ShowsApp */,
			);
		};
/* End PBXProject section */

/* Begin PBXResourcesBuildPhase section */
		688326822775EAE200055288 /* Resources */ = {
			isa = PBXResourcesBuildPhase;
			buildActionMask = 2147483647;
			files = (
				688326942775EAE500055288 /* LaunchScreen.storyboard in Resources */,
				688326B72775FA2A00055288 /* Urbanist-VariableFont_wght.ttf in Resources */,
				688326C427765B6500055288 /* ShowPosterTableViewCell.xib in Resources */,
				688326BA2776027400055288 /* watchMovie.json in Resources */,
				688326912775EAE500055288 /* Assets.xcassets in Resources */,
				688326AF2775ED7400055288 /* ShowCollectionViewCell.xib in Resources */,
				688326CA27765B9900055288 /* ShowInformationTableViewCell.xib in Resources */,
				6883268F2775EAE200055288 /* Main.storyboard in Resources */,
			);
			runOnlyForDeploymentPostprocessing = 0;
		};
/* End PBXResourcesBuildPhase section */

/* Begin PBXShellScriptBuildPhase section */
		74DA3D4397BE6CDB53B1D438 /* [CP] Check Pods Manifest.lock */ = {
			isa = PBXShellScriptBuildPhase;
			buildActionMask = 2147483647;
			files = (
			);
			inputFileListPaths = (
			);
			inputPaths = (
				"${PODS_PODFILE_DIR_PATH}/Podfile.lock",
				"${PODS_ROOT}/Manifest.lock",
			);
			name = "[CP] Check Pods Manifest.lock";
			outputFileListPaths = (
			);
			outputPaths = (
				"$(DERIVED_FILE_DIR)/Pods-ShowsApp-checkManifestLockResult.txt",
			);
			runOnlyForDeploymentPostprocessing = 0;
			shellPath = /bin/sh;
			shellScript = "diff \"${PODS_PODFILE_DIR_PATH}/Podfile.lock\" \"${PODS_ROOT}/Manifest.lock\" > /dev/null\nif [ $? != 0 ] ; then\n    # print error to STDERR\n    echo \"error: The sandbox is not in sync with the Podfile.lock. Run 'pod install' or update your CocoaPods installation.\" >&2\n    exit 1\nfi\n# This output is used by Xcode 'outputs' to avoid re-running this script phase.\necho \"SUCCESS\" > \"${SCRIPT_OUTPUT_FILE_0}\"\n";
			showEnvVarsInLog = 0;
		};
		D82AA4AB97C1A13D26342F88 /* [CP] Embed Pods Frameworks */ = {
			isa = PBXShellScriptBuildPhase;
			buildActionMask = 2147483647;
			files = (
			);
			inputFileListPaths = (
				"${PODS_ROOT}/Target Support Files/Pods-ShowsApp/Pods-ShowsApp-frameworks-${CONFIGURATION}-input-files.xcfilelist",
			);
			name = "[CP] Embed Pods Frameworks";
			outputFileListPaths = (
				"${PODS_ROOT}/Target Support Files/Pods-ShowsApp/Pods-ShowsApp-frameworks-${CONFIGURATION}-output-files.xcfilelist",
			);
			runOnlyForDeploymentPostprocessing = 0;
			shellPath = /bin/sh;
			shellScript = "\"${PODS_ROOT}/Target Support Files/Pods-ShowsApp/Pods-ShowsApp-frameworks.sh\"\n";
			showEnvVarsInLog = 0;
		};
/* End PBXShellScriptBuildPhase section */

/* Begin PBXSourcesBuildPhase section */
		688326802775EAE200055288 /* Sources */ = {
			isa = PBXSourcesBuildPhase;
			buildActionMask = 2147483647;
			files = (
				688326C22776246A00055288 /* UIViewController+Extension.swift in Sources */,
				688326AB2775ED3000055288 /* ShowDetailsViewController.swift in Sources */,
				6883268C2775EAE200055288 /* HomeViewController.swift in Sources */,
				688326C02776166100055288 /* GradientView.swift in Sources */,
				688326882775EAE200055288 /* AppDelegate.swift in Sources */,
				6883268A2775EAE200055288 /* SceneDelegate.swift in Sources */,
				688326A62775EC4600055288 /* NetworkingManager.swift in Sources */,
				688326BD2776093400055288 /* UITextField+Extension.swift in Sources */,
				688326A92775ED2200055288 /* ShowsListViewController.swift in Sources */,
				688326AD2775ED5200055288 /* ShowCollectionViewCell.swift in Sources */,
				688326C627765B7D00055288 /* ShowPosterTableViewCell.swift in Sources */,
				688326A42775EC1F00055288 /* Show.swift in Sources */,
				68727E9A2777413900A7B5A9 /* NetworkConstants.swift in Sources */,
				688326A22775EBFE00055288 /* ShowsPresenter.swift in Sources */,
				688326C827765B8D00055288 /* ShowInformationTableViewCell.swift in Sources */,
				68727E9C27774BF700A7B5A9 /* UICollectionView+Extension.swift in Sources */,
			);
			runOnlyForDeploymentPostprocessing = 0;
		};
/* End PBXSourcesBuildPhase section */

/* Begin PBXVariantGroup section */
		6883268D2775EAE200055288 /* Main.storyboard */ = {
			isa = PBXVariantGroup;
			children = (
				6883268E2775EAE200055288 /* Base */,
			);
			name = Main.storyboard;
			sourceTree = "<group>";
		};
		688326922775EAE500055288 /* LaunchScreen.storyboard */ = {
			isa = PBXVariantGroup;
			children = (
				688326932775EAE500055288 /* Base */,
			);
			name = LaunchScreen.storyboard;
			sourceTree = "<group>";
		};
/* End PBXVariantGroup section */

/* Begin XCBuildConfiguration section */
		688326962775EAE500055288 /* Debug */ = {
			isa = XCBuildConfiguration;
			buildSettings = {
				ALWAYS_SEARCH_USER_PATHS = NO;
				CLANG_ANALYZER_NONNULL = YES;
				CLANG_ANALYZER_NUMBER_OBJECT_CONVERSION = YES_AGGRESSIVE;
				CLANG_CXX_LANGUAGE_STANDARD = "gnu++17";
				CLANG_CXX_LIBRARY = "libc++";
				CLANG_ENABLE_MODULES = YES;
				CLANG_ENABLE_OBJC_ARC = YES;
				CLANG_ENABLE_OBJC_WEAK = YES;
				CLANG_WARN_BLOCK_CAPTURE_AUTORELEASING = YES;
				CLANG_WARN_BOOL_CONVERSION = YES;
				CLANG_WARN_COMMA = YES;
				CLANG_WARN_CONSTANT_CONVERSION = YES;
				CLANG_WARN_DEPRECATED_OBJC_IMPLEMENTATIONS = YES;
				CLANG_WARN_DIRECT_OBJC_ISA_USAGE = YES_ERROR;
				CLANG_WARN_DOCUMENTATION_COMMENTS = YES;
				CLANG_WARN_EMPTY_BODY = YES;
				CLANG_WARN_ENUM_CONVERSION = YES;
				CLANG_WARN_INFINITE_RECURSION = YES;
				CLANG_WARN_INT_CONVERSION = YES;
				CLANG_WARN_NON_LITERAL_NULL_CONVERSION = YES;
				CLANG_WARN_OBJC_IMPLICIT_RETAIN_SELF = YES;
				CLANG_WARN_OBJC_LITERAL_CONVERSION = YES;
				CLANG_WARN_OBJC_ROOT_CLASS = YES_ERROR;
				CLANG_WARN_QUOTED_INCLUDE_IN_FRAMEWORK_HEADER = YES;
				CLANG_WARN_RANGE_LOOP_ANALYSIS = YES;
				CLANG_WARN_STRICT_PROTOTYPES = YES;
				CLANG_WARN_SUSPICIOUS_MOVE = YES;
				CLANG_WARN_UNGUARDED_AVAILABILITY = YES_AGGRESSIVE;
				CLANG_WARN_UNREACHABLE_CODE = YES;
				CLANG_WARN__DUPLICATE_METHOD_MATCH = YES;
				COPY_PHASE_STRIP = NO;
				DEBUG_INFORMATION_FORMAT = dwarf;
				ENABLE_STRICT_OBJC_MSGSEND = YES;
				ENABLE_TESTABILITY = YES;
				GCC_C_LANGUAGE_STANDARD = gnu11;
				GCC_DYNAMIC_NO_PIC = NO;
				GCC_NO_COMMON_BLOCKS = YES;
				GCC_OPTIMIZATION_LEVEL = 0;
				GCC_PREPROCESSOR_DEFINITIONS = (
					"DEBUG=1",
					"$(inherited)",
				);
				GCC_WARN_64_TO_32_BIT_CONVERSION = YES;
				GCC_WARN_ABOUT_RETURN_TYPE = YES_ERROR;
				GCC_WARN_UNDECLARED_SELECTOR = YES;
				GCC_WARN_UNINITIALIZED_AUTOS = YES_AGGRESSIVE;
				GCC_WARN_UNUSED_FUNCTION = YES;
				GCC_WARN_UNUSED_VARIABLE = YES;
				IPHONEOS_DEPLOYMENT_TARGET = 15.0;
				MTL_ENABLE_DEBUG_INFO = INCLUDE_SOURCE;
				MTL_FAST_MATH = YES;
				ONLY_ACTIVE_ARCH = YES;
				SDKROOT = iphoneos;
				SWIFT_ACTIVE_COMPILATION_CONDITIONS = DEBUG;
				SWIFT_OPTIMIZATION_LEVEL = "-Onone";
			};
			name = Debug;
		};
		688326972775EAE500055288 /* Release */ = {
			isa = XCBuildConfiguration;
			buildSettings = {
				ALWAYS_SEARCH_USER_PATHS = NO;
				CLANG_ANALYZER_NONNULL = YES;
				CLANG_ANALYZER_NUMBER_OBJECT_CONVERSION = YES_AGGRESSIVE;
				CLANG_CXX_LANGUAGE_STANDARD = "gnu++17";
				CLANG_CXX_LIBRARY = "libc++";
				CLANG_ENABLE_MODULES = YES;
				CLANG_ENABLE_OBJC_ARC = YES;
				CLANG_ENABLE_OBJC_WEAK = YES;
				CLANG_WARN_BLOCK_CAPTURE_AUTORELEASING = YES;
				CLANG_WARN_BOOL_CONVERSION = YES;
				CLANG_WARN_COMMA = YES;
				CLANG_WARN_CONSTANT_CONVERSION = YES;
				CLANG_WARN_DEPRECATED_OBJC_IMPLEMENTATIONS = YES;
				CLANG_WARN_DIRECT_OBJC_ISA_USAGE = YES_ERROR;
				CLANG_WARN_DOCUMENTATION_COMMENTS = YES;
				CLANG_WARN_EMPTY_BODY = YES;
				CLANG_WARN_ENUM_CONVERSION = YES;
				CLANG_WARN_INFINITE_RECURSION = YES;
				CLANG_WARN_INT_CONVERSION = YES;
				CLANG_WARN_NON_LITERAL_NULL_CONVERSION = YES;
				CLANG_WARN_OBJC_IMPLICIT_RETAIN_SELF = YES;
				CLANG_WARN_OBJC_LITERAL_CONVERSION = YES;
				CLANG_WARN_OBJC_ROOT_CLASS = YES_ERROR;
				CLANG_WARN_QUOTED_INCLUDE_IN_FRAMEWORK_HEADER = YES;
				CLANG_WARN_RANGE_LOOP_ANALYSIS = YES;
				CLANG_WARN_STRICT_PROTOTYPES = YES;
				CLANG_WARN_SUSPICIOUS_MOVE = YES;
				CLANG_WARN_UNGUARDED_AVAILABILITY = YES_AGGRESSIVE;
				CLANG_WARN_UNREACHABLE_CODE = YES;
				CLANG_WARN__DUPLICATE_METHOD_MATCH = YES;
				COPY_PHASE_STRIP = NO;
				DEBUG_INFORMATION_FORMAT = "dwarf-with-dsym";
				ENABLE_NS_ASSERTIONS = NO;
				ENABLE_STRICT_OBJC_MSGSEND = YES;
				GCC_C_LANGUAGE_STANDARD = gnu11;
				GCC_NO_COMMON_BLOCKS = YES;
				GCC_WARN_64_TO_32_BIT_CONVERSION = YES;
				GCC_WARN_ABOUT_RETURN_TYPE = YES_ERROR;
				GCC_WARN_UNDECLARED_SELECTOR = YES;
				GCC_WARN_UNINITIALIZED_AUTOS = YES_AGGRESSIVE;
				GCC_WARN_UNUSED_FUNCTION = YES;
				GCC_WARN_UNUSED_VARIABLE = YES;
				IPHONEOS_DEPLOYMENT_TARGET = 15.0;
				MTL_ENABLE_DEBUG_INFO = NO;
				MTL_FAST_MATH = YES;
				SDKROOT = iphoneos;
				SWIFT_COMPILATION_MODE = wholemodule;
				SWIFT_OPTIMIZATION_LEVEL = "-O";
				VALIDATE_PRODUCT = YES;
			};
			name = Release;
		};
		688326992775EAE500055288 /* Debug */ = {
			isa = XCBuildConfiguration;
			baseConfigurationReference = C77F8C255D6897A5078C0A69 /* Pods-ShowsApp.debug.xcconfig */;
			buildSettings = {
				ASSETCATALOG_COMPILER_APPICON_NAME = AppIcon;
				ASSETCATALOG_COMPILER_GLOBAL_ACCENT_COLOR_NAME = AccentColor;
				CODE_SIGN_STYLE = Automatic;
				CURRENT_PROJECT_VERSION = 1;
				DEVELOPMENT_TEAM = 2Z55LCD455;
				GENERATE_INFOPLIST_FILE = YES;
				INFOPLIST_FILE = ShowsApp/Info.plist;
				INFOPLIST_KEY_UIApplicationSupportsIndirectInputEvents = YES;
				INFOPLIST_KEY_UILaunchStoryboardName = LaunchScreen;
				INFOPLIST_KEY_UIMainStoryboardFile = Main;
				INFOPLIST_KEY_UISupportedInterfaceOrientations = UIInterfaceOrientationPortrait;
				INFOPLIST_KEY_UISupportedInterfaceOrientations_iPad = "UIInterfaceOrientationPortrait UIInterfaceOrientationPortraitUpsideDown UIInterfaceOrientationLandscapeLeft UIInterfaceOrientationLandscapeRight";
				INFOPLIST_KEY_UISupportedInterfaceOrientations_iPhone = "UIInterfaceOrientationPortrait UIInterfaceOrientationLandscapeLeft UIInterfaceOrientationLandscapeRight";
				LD_RUNPATH_SEARCH_PATHS = (
					"$(inherited)",
					"@executable_path/Frameworks",
				);
				MARKETING_VERSION = 1.0;
				PRODUCT_BUNDLE_IDENTIFIER = Eyad.ShowsApp;
				PRODUCT_NAME = "$(TARGET_NAME)";
				SWIFT_EMIT_LOC_STRINGS = YES;
				SWIFT_VERSION = 5.0;
				TARGETED_DEVICE_FAMILY = "1,2";
			};
			name = Debug;
		};
		6883269A2775EAE500055288 /* Release */ = {
			isa = XCBuildConfiguration;
			baseConfigurationReference = 62E25C6430953A980D225EEE /* Pods-ShowsApp.release.xcconfig */;
			buildSettings = {
				ASSETCATALOG_COMPILER_APPICON_NAME = AppIcon;
				ASSETCATALOG_COMPILER_GLOBAL_ACCENT_COLOR_NAME = AccentColor;
				CODE_SIGN_STYLE = Automatic;
				CURRENT_PROJECT_VERSION = 1;
				DEVELOPMENT_TEAM = 2Z55LCD455;
				GENERATE_INFOPLIST_FILE = YES;
				INFOPLIST_FILE = ShowsApp/Info.plist;
				INFOPLIST_KEY_UIApplicationSupportsIndirectInputEvents = YES;
				INFOPLIST_KEY_UILaunchStoryboardName = LaunchScreen;
				INFOPLIST_KEY_UIMainStoryboardFile = Main;
				INFOPLIST_KEY_UISupportedInterfaceOrientations = UIInterfaceOrientationPortrait;
				INFOPLIST_KEY_UISupportedInterfaceOrientations_iPad = "UIInterfaceOrientationPortrait UIInterfaceOrientationPortraitUpsideDown UIInterfaceOrientationLandscapeLeft UIInterfaceOrientationLandscapeRight";
				INFOPLIST_KEY_UISupportedInterfaceOrientations_iPhone = "UIInterfaceOrientationPortrait UIInterfaceOrientationLandscapeLeft UIInterfaceOrientationLandscapeRight";
				LD_RUNPATH_SEARCH_PATHS = (
					"$(inherited)",
					"@executable_path/Frameworks",
				);
				MARKETING_VERSION = 1.0;
				PRODUCT_BUNDLE_IDENTIFIER = Eyad.ShowsApp;
				PRODUCT_NAME = "$(TARGET_NAME)";
				SWIFT_EMIT_LOC_STRINGS = YES;
				SWIFT_VERSION = 5.0;
				TARGETED_DEVICE_FAMILY = "1,2";
			};
			name = Release;
		};
/* End XCBuildConfiguration section */

/* Begin XCConfigurationList section */
		6883267F2775EAE200055288 /* Build configuration list for PBXProject "ShowsApp" */ = {
			isa = XCConfigurationList;
			buildConfigurations = (
				688326962775EAE500055288 /* Debug */,
				688326972775EAE500055288 /* Release */,
			);
			defaultConfigurationIsVisible = 0;
			defaultConfigurationName = Release;
		};
		688326982775EAE500055288 /* Build configuration list for PBXNativeTarget "ShowsApp" */ = {
			isa = XCConfigurationList;
			buildConfigurations = (
				688326992775EAE500055288 /* Debug */,
				6883269A2775EAE500055288 /* Release */,
			);
			defaultConfigurationIsVisible = 0;
			defaultConfigurationName = Release;
		};
/* End XCConfigurationList section */
	};
	rootObject = 6883267C2775EAE200055288 /* Project object */;
}
